
Microsoft Visual Studio Solution File, Format Version 12.00
# Visual Studio Version 17
VisualStudioVersion = 17.0.31919.166
MinimumVisualStudioVersion = 10.0.40219.1
Project("{FAE04EC0-301F-11D3-BF4B-00C04F79EFBC}") = "PP.WebApi", "PP.WebApi.csproj", "{205C5696-050C-4432-84E1-BB4809738FA1}"
EndProject
Project("{9A19103F-16F7-4668-BE54-9A1E7A4F7556}") = "PP.BL", "..\PP.BL\PP.BL.csproj", "{0695FD2A-A462-4C11-B16C-D28F994E626C}"
EndProject
Project("{9A19103F-16F7-4668-BE54-9A1E7A4F7556}") = "PP.DAL", "..\PP.DAL\PP.DAL.csproj", "{F90CA5FF-79E9-47D9-93C8-E5081A21C242}"
EndProject
Global
	GlobalSection(SolutionConfigurationPlatforms) = preSolution
		Debug|Any CPU = Debug|Any CPU
		Release|Any CPU = Release|Any CPU
	EndGlobalSection
	GlobalSection(ProjectConfigurationPlatforms) = postSolution
		{205C5696-050C-4432-84E1-BB4809738FA1}.Debug|Any CPU.ActiveCfg = Debug|Any CPU
		{205C5696-050C-4432-84E1-BB4809738FA1}.Debug|Any CPU.Build.0 = Debug|Any CPU
		{205C5696-050C-4432-84E1-BB4809738FA1}.Release|Any CPU.ActiveCfg = Release|Any CPU
		{205C5696-050C-4432-84E1-BB4809738FA1}.Release|Any CPU.Build.0 = Release|Any CPU
		{0695FD2A-A462-4C11-B16C-D28F994E626C}.Debug|Any CPU.ActiveCfg = Debug|Any CPU
		{0695FD2A-A462-4C11-B16C-D28F994E626C}.Debug|Any CPU.Build.0 = Debug|Any CPU
		{0695FD2A-A462-4C11-B16C-D28F994E626C}.Release|Any CPU.ActiveCfg = Release|Any CPU
		{0695FD2A-A462-4C11-B16C-D28F994E626C}.Release|Any CPU.Build.0 = Release|Any CPU
		{F90CA5FF-79E9-47D9-93C8-E5081A21C242}.Debug|Any CPU.ActiveCfg = Debug|Any CPU
		{F90CA5FF-79E9-47D9-93C8-E5081A21C242}.Debug|Any CPU.Build.0 = Debug|Any CPU
		{F90CA5FF-79E9-47D9-93C8-E5081A21C242}.Release|Any CPU.ActiveCfg = Release|Any CPU
		{F90CA5FF-79E9-47D9-93C8-E5081A21C242}.Release|Any CPU.Build.0 = Release|Any CPU
	EndGlobalSection
	GlobalSection(SolutionProperties) = preSolution
		HideSolutionNode = FALSE
	EndGlobalSection
	GlobalSection(ExtensibilityGlobals) = postSolution
		SolutionGuid = {DCBE77C6-9FBF-48CA-B162-A97EBA2257EE}
	EndGlobalSection
EndGlobal
